
Microsoft Visual Studio Solution File, Format Version 12.00
# Visual Studio Version 17
VisualStudioVersion = 17.0.32112.339
MinimumVisualStudioVersion = 10.0.40219.1
Project("{FAE04EC0-301F-11D3-BF4B-00C04F79EFBC}") = "SeedSummon", "SeedSummon\SeedSummon.csproj", "{33969BB4-9943-41CD-9F76-634D30C5FFEF}"
EndProject
Global
	GlobalSection(SolutionConfigurationPlatforms) = preSolution
		Debug|Any CPU = Debug|Any CPU
		Release|Any CPU = Release|Any CPU
	EndGlobalSection
	GlobalSection(ProjectConfigurationPlatforms) = postSolution
		{33969BB4-9943-41CD-9F76-634D30C5FFEF}.Debug|Any CPU.ActiveCfg = Debug|Any CPU
		{33969BB4-9943-41CD-9F76-634D30C5FFEF}.Debug|Any CPU.Build.0 = Debug|Any CPU
		{33969BB4-9943-41CD-9F76-634D30C5FFEF}.Release|Any CPU.ActiveCfg = Release|Any CPU
		{33969BB4-9943-41CD-9F76-634D30C5FFEF}.Release|Any CPU.Build.0 = Release|Any CPU
	EndGlobalSection
	GlobalSection(SolutionProperties) = preSolution
		HideSolutionNode = FALSE
	EndGlobalSection
	GlobalSection(ExtensibilityGlobals) = postSolution
		SolutionGuid = {C859EB21-DD00-4F4B-8DD1-4D078DB9AC56}
	EndGlobalSection
EndGlobal
